
Microsoft Visual Studio Solution File, Format Version 12.00
# Visual Studio Version 16
VisualStudioVersion = 16.0.29709.97
MinimumVisualStudioVersion = 10.0.40219.1
Project("{9A19103F-16F7-4668-BE54-9A1E7A4F7556}") = "ytdownload", "ytdownload.csproj", "{15D13189-30EC-42F2-989C-54C731B8BE8F}"
EndProject
Global
	GlobalSection(SolutionConfigurationPlatforms) = preSolution
		Debug|Any CPU = Debug|Any CPU
		Release|Any CPU = Release|Any CPU
	EndGlobalSection
	GlobalSection(ProjectConfigurationPlatforms) = postSolution
		{15D13189-30EC-42F2-989C-54C731B8BE8F}.Debug|Any CPU.ActiveCfg = Debug|Any CPU
		{15D13189-30EC-42F2-989C-54C731B8BE8F}.Debug|Any CPU.Build.0 = Debug|Any CPU
		{15D13189-30EC-42F2-989C-54C731B8BE8F}.Release|Any CPU.ActiveCfg = Release|Any CPU
		{15D13189-30EC-42F2-989C-54C731B8BE8F}.Release|Any CPU.Build.0 = Release|Any CPU
	EndGlobalSection
	GlobalSection(SolutionProperties) = preSolution
		HideSolutionNode = FALSE
	EndGlobalSection
	GlobalSection(ExtensibilityGlobals) = postSolution
		SolutionGuid = {7BBE4BDF-CD9D-4638-ADBE-DDDDF9E3E1C9}
	EndGlobalSection
EndGlobal
